// !$*UTF8*$!
{
	archiveVersion = 1;
	classes = {
	};
	objectVersion = 52;
	objects = {

/* Begin PBXBuildFile section */
		5E26D93B24EE471900BDBB43 /* AppDelegate.swift in Sources */ = {isa = PBXBuildFile; fileRef = 5E26D93A24EE471900BDBB43 /* AppDelegate.swift */; };
		5E26D93D24EE471900BDBB43 /* SceneDelegate.swift in Sources */ = {isa = PBXBuildFile; fileRef = 5E26D93C24EE471900BDBB43 /* SceneDelegate.swift */; };
		5E26D94424EE471A00BDBB43 /* Assets.xcassets in Resources */ = {isa = PBXBuildFile; fileRef = 5E26D94324EE471A00BDBB43 /* Assets.xcassets */; };
		5E26D94724EE471A00BDBB43 /* LaunchScreen.storyboard in Resources */ = {isa = PBXBuildFile; fileRef = 5E26D94524EE471A00BDBB43 /* LaunchScreen.storyboard */; };
		5E26D95424EE479400BDBB43 /* GameListViewController.swift in Sources */ = {isa = PBXBuildFile; fileRef = 5E26D95224EE479400BDBB43 /* GameListViewController.swift */; };
		5E26D95524EE479400BDBB43 /* GameListViewController.xib in Resources */ = {isa = PBXBuildFile; fileRef = 5E26D95324EE479400BDBB43 /* GameListViewController.xib */; };
		5E26D95824EE48B600BDBB43 /* GameListView.swift in Sources */ = {isa = PBXBuildFile; fileRef = 5E26D95724EE48B600BDBB43 /* GameListView.swift */; };
		5E26D95C24EE4CCB00BDBB43 /* Coordinator.swift in Sources */ = {isa = PBXBuildFile; fileRef = 5E26D95B24EE4CCB00BDBB43 /* Coordinator.swift */; };
		5E26D95E24EE4D2A00BDBB43 /* GameCoordinator.swift in Sources */ = {isa = PBXBuildFile; fileRef = 5E26D95D24EE4D2A00BDBB43 /* GameCoordinator.swift */; };
		5E26D96124EE4DDE00BDBB43 /* FlipCardGameViewController.swift in Sources */ = {isa = PBXBuildFile; fileRef = 5E26D95F24EE4DDE00BDBB43 /* FlipCardGameViewController.swift */; };
		5E26D96224EE4DDE00BDBB43 /* FlipCardGameViewController.xib in Resources */ = {isa = PBXBuildFile; fileRef = 5E26D96024EE4DDE00BDBB43 /* FlipCardGameViewController.xib */; };
		5E26D96524EE4DF700BDBB43 /* NumberReactionGameViewController.swift in Sources */ = {isa = PBXBuildFile; fileRef = 5E26D96324EE4DF700BDBB43 /* NumberReactionGameViewController.swift */; };
		5E26D96624EE4DF700BDBB43 /* NumberReactionGameViewController.xib in Resources */ = {isa = PBXBuildFile; fileRef = 5E26D96424EE4DF700BDBB43 /* NumberReactionGameViewController.xib */; };
		5E26D96924EE4E0800BDBB43 /* PerfectPathGameViewController.swift in Sources */ = {isa = PBXBuildFile; fileRef = 5E26D96724EE4E0800BDBB43 /* PerfectPathGameViewController.swift */; };
		5E26D96A24EE4E0800BDBB43 /* PerfectPathGameViewController.xib in Resources */ = {isa = PBXBuildFile; fileRef = 5E26D96824EE4E0800BDBB43 /* PerfectPathGameViewController.xib */; };
		5E26D96C24EE514C00BDBB43 /* FlipCardGameView.swift in Sources */ = {isa = PBXBuildFile; fileRef = 5E26D96B24EE514C00BDBB43 /* FlipCardGameView.swift */; };
		5E26D97024EE52BA00BDBB43 /* CardCollectionViewCell.swift in Sources */ = {isa = PBXBuildFile; fileRef = 5E26D96E24EE52BA00BDBB43 /* CardCollectionViewCell.swift */; };
		5E26D97124EE52BA00BDBB43 /* CardCollectionViewCell.xib in Resources */ = {isa = PBXBuildFile; fileRef = 5E26D96F24EE52BA00BDBB43 /* CardCollectionViewCell.xib */; };
		5E26D97424EE53C600BDBB43 /* Reusable in Frameworks */ = {isa = PBXBuildFile; productRef = 5E26D97324EE53C600BDBB43 /* Reusable */; };
		5E26D97724EE617C00BDBB43 /* Card.swift in Sources */ = {isa = PBXBuildFile; fileRef = 5E26D97624EE617C00BDBB43 /* Card.swift */; };
		5E26D97924EE61E200BDBB43 /* FlipCardGame.swift in Sources */ = {isa = PBXBuildFile; fileRef = 5E26D97824EE61E200BDBB43 /* FlipCardGame.swift */; };
		5E410CD924EF583600FBE49E /* FlipCardGameViewModel.swift in Sources */ = {isa = PBXBuildFile; fileRef = 5E410CD824EF583600FBE49E /* FlipCardGameViewModel.swift */; };
		5E410CDB24EF587800FBE49E /* Box.swift in Sources */ = {isa = PBXBuildFile; fileRef = 5E410CDA24EF587800FBE49E /* Box.swift */; };
		5E410CDD24EF633900FBE49E /* RepeatTimer.swift in Sources */ = {isa = PBXBuildFile; fileRef = 5E410CDC24EF633900FBE49E /* RepeatTimer.swift */; };
		5E927F5424F345170044F24B /* NumberReactionGame.swift in Sources */ = {isa = PBXBuildFile; fileRef = 5E927F5324F345170044F24B /* NumberReactionGame.swift */; };
		5E927F5624F3471E0044F24B /* NumberReactionGameViewModel.swift in Sources */ = {isa = PBXBuildFile; fileRef = 5E927F5524F3471E0044F24B /* NumberReactionGameViewModel.swift */; };
		5EEAFE7424F0A49C00210658 /* NumberReactionGameView.swift in Sources */ = {isa = PBXBuildFile; fileRef = 5EEAFE7324F0A49C00210658 /* NumberReactionGameView.swift */; };
/* End PBXBuildFile section */

/* Begin PBXFileReference section */
		5E26D93724EE471900BDBB43 /* Game.app */ = {isa = PBXFileReference; explicitFileType = wrapper.application; includeInIndex = 0; path = Game.app; sourceTree = BUILT_PRODUCTS_DIR; };
		5E26D93A24EE471900BDBB43 /* AppDelegate.swift */ = {isa = PBXFileReference; lastKnownFileType = sourcecode.swift; path = AppDelegate.swift; sourceTree = "<group>"; };
		5E26D93C24EE471900BDBB43 /* SceneDelegate.swift */ = {isa = PBXFileReference; lastKnownFileType = sourcecode.swift; path = SceneDelegate.swift; sourceTree = "<group>"; };
		5E26D94324EE471A00BDBB43 /* Assets.xcassets */ = {isa = PBXFileReference; lastKnownFileType = folder.assetcatalog; path = Assets.xcassets; sourceTree = "<group>"; };
		5E26D94624EE471A00BDBB43 /* Base */ = {isa = PBXFileReference; lastKnownFileType = file.storyboard; name = Base; path = Base.lproj/LaunchScreen.storyboard; sourceTree = "<group>"; };
		5E26D94824EE471A00BDBB43 /* Info.plist */ = {isa = PBXFileReference; lastKnownFileType = text.plist.xml; path = Info.plist; sourceTree = "<group>"; };
		5E26D95224EE479400BDBB43 /* GameListViewController.swift */ = {isa = PBXFileReference; lastKnownFileType = sourcecode.swift; path = GameListViewController.swift; sourceTree = "<group>"; };
		5E26D95324EE479400BDBB43 /* GameListViewController.xib */ = {isa = PBXFileReference; lastKnownFileType = file.xib; path = GameListViewController.xib; sourceTree = "<group>"; };
		5E26D95724EE48B600BDBB43 /* GameListView.swift */ = {isa = PBXFileReference; lastKnownFileType = sourcecode.swift; path = GameListView.swift; sourceTree = "<group>"; };
		5E26D95B24EE4CCB00BDBB43 /* Coordinator.swift */ = {isa = PBXFileReference; lastKnownFileType = sourcecode.swift; path = Coordinator.swift; sourceTree = "<group>"; };
		5E26D95D24EE4D2A00BDBB43 /* GameCoordinator.swift */ = {isa = PBXFileReference; lastKnownFileType = sourcecode.swift; path = GameCoordinator.swift; sourceTree = "<group>"; };
		5E26D95F24EE4DDE00BDBB43 /* FlipCardGameViewController.swift */ = {isa = PBXFileReference; lastKnownFileType = sourcecode.swift; path = FlipCardGameViewController.swift; sourceTree = "<group>"; };
		5E26D96024EE4DDE00BDBB43 /* FlipCardGameViewController.xib */ = {isa = PBXFileReference; lastKnownFileType = file.xib; path = FlipCardGameViewController.xib; sourceTree = "<group>"; };
		5E26D96324EE4DF700BDBB43 /* NumberReactionGameViewController.swift */ = {isa = PBXFileReference; lastKnownFileType = sourcecode.swift; path = NumberReactionGameViewController.swift; sourceTree = "<group>"; };
		5E26D96424EE4DF700BDBB43 /* NumberReactionGameViewController.xib */ = {isa = PBXFileReference; lastKnownFileType = file.xib; path = NumberReactionGameViewController.xib; sourceTree = "<group>"; };
		5E26D96724EE4E0800BDBB43 /* PerfectPathGameViewController.swift */ = {isa = PBXFileReference; lastKnownFileType = sourcecode.swift; path = PerfectPathGameViewController.swift; sourceTree = "<group>"; };
		5E26D96824EE4E0800BDBB43 /* PerfectPathGameViewController.xib */ = {isa = PBXFileReference; lastKnownFileType = file.xib; path = PerfectPathGameViewController.xib; sourceTree = "<group>"; };
		5E26D96B24EE514C00BDBB43 /* FlipCardGameView.swift */ = {isa = PBXFileReference; lastKnownFileType = sourcecode.swift; path = FlipCardGameView.swift; sourceTree = "<group>"; };
		5E26D96E24EE52BA00BDBB43 /* CardCollectionViewCell.swift */ = {isa = PBXFileReference; lastKnownFileType = sourcecode.swift; path = CardCollectionViewCell.swift; sourceTree = "<group>"; };
		5E26D96F24EE52BA00BDBB43 /* CardCollectionViewCell.xib */ = {isa = PBXFileReference; lastKnownFileType = file.xib; path = CardCollectionViewCell.xib; sourceTree = "<group>"; };
		5E26D97624EE617C00BDBB43 /* Card.swift */ = {isa = PBXFileReference; lastKnownFileType = sourcecode.swift; path = Card.swift; sourceTree = "<group>"; };
		5E26D97824EE61E200BDBB43 /* FlipCardGame.swift */ = {isa = PBXFileReference; lastKnownFileType = sourcecode.swift; path = FlipCardGame.swift; sourceTree = "<group>"; };
		5E410CD824EF583600FBE49E /* FlipCardGameViewModel.swift */ = {isa = PBXFileReference; lastKnownFileType = sourcecode.swift; path = FlipCardGameViewModel.swift; sourceTree = "<group>"; };
		5E410CDA24EF587800FBE49E /* Box.swift */ = {isa = PBXFileReference; lastKnownFileType = sourcecode.swift; path = Box.swift; sourceTree = "<group>"; };
		5E410CDC24EF633900FBE49E /* RepeatTimer.swift */ = {isa = PBXFileReference; lastKnownFileType = sourcecode.swift; path = RepeatTimer.swift; sourceTree = "<group>"; };
		5E927F5324F345170044F24B /* NumberReactionGame.swift */ = {isa = PBXFileReference; lastKnownFileType = sourcecode.swift; path = NumberReactionGame.swift; sourceTree = "<group>"; };
		5E927F5524F3471E0044F24B /* NumberReactionGameViewModel.swift */ = {isa = PBXFileReference; lastKnownFileType = sourcecode.swift; path = NumberReactionGameViewModel.swift; sourceTree = "<group>"; };
		5EEAFE7324F0A49C00210658 /* NumberReactionGameView.swift */ = {isa = PBXFileReference; lastKnownFileType = sourcecode.swift; path = NumberReactionGameView.swift; sourceTree = "<group>"; };
/* End PBXFileReference section */

/* Begin PBXFrameworksBuildPhase section */
		5E26D93424EE471900BDBB43 /* Frameworks */ = {
			isa = PBXFrameworksBuildPhase;
			buildActionMask = 2147483647;
			files = (
				5E26D97424EE53C600BDBB43 /* Reusable in Frameworks */,
			);
			runOnlyForDeploymentPostprocessing = 0;
		};
/* End PBXFrameworksBuildPhase section */

/* Begin PBXGroup section */
		5E26D92E24EE471900BDBB43 = {
			isa = PBXGroup;
			children = (
				5E26D93924EE471900BDBB43 /* Game */,
				5E26D93824EE471900BDBB43 /* Products */,
			);
			sourceTree = "<group>";
		};
		5E26D93824EE471900BDBB43 /* Products */ = {
			isa = PBXGroup;
			children = (
				5E26D93724EE471900BDBB43 /* Game.app */,
			);
			name = Products;
			sourceTree = "<group>";
		};
		5E26D93924EE471900BDBB43 /* Game */ = {
			isa = PBXGroup;
			children = (
				5E26D94E24EE474000BDBB43 /* Application */,
				5E26D94F24EE474900BDBB43 /* Supporting Files */,
			);
			path = Game;
			sourceTree = "<group>";
		};
		5E26D94E24EE474000BDBB43 /* Application */ = {
			isa = PBXGroup;
			children = (
				5E26D95A24EE4CBA00BDBB43 /* Helper */,
				5E26D95124EE478700BDBB43 /* Game */,
				5E26D95024EE475C00BDBB43 /* Main */,
			);
			path = Application;
			sourceTree = "<group>";
		};
		5E26D94F24EE474900BDBB43 /* Supporting Files */ = {
			isa = PBXGroup;
			children = (
				5E26D94324EE471A00BDBB43 /* Assets.xcassets */,
				5E26D94524EE471A00BDBB43 /* LaunchScreen.storyboard */,
				5E26D94824EE471A00BDBB43 /* Info.plist */,
			);
			path = "Supporting Files";
			sourceTree = "<group>";
		};
		5E26D95024EE475C00BDBB43 /* Main */ = {
			isa = PBXGroup;
			children = (
				5E26D93A24EE471900BDBB43 /* AppDelegate.swift */,
				5E26D93C24EE471900BDBB43 /* SceneDelegate.swift */,
			);
			path = Main;
			sourceTree = "<group>";
		};
		5E26D95124EE478700BDBB43 /* Game */ = {
			isa = PBXGroup;
			children = (
				5E26D95D24EE4D2A00BDBB43 /* GameCoordinator.swift */,
				5E26D97524EE617000BDBB43 /* Model */,
				5E26D95624EE489100BDBB43 /* View */,
				5E410CD724EF582300FBE49E /* ViewModel */,
			);
			path = Game;
			sourceTree = "<group>";
		};
		5E26D95624EE489100BDBB43 /* View */ = {
			isa = PBXGroup;
			children = (
				5E26D96D24EE529F00BDBB43 /* Cell */,
				5E26D95224EE479400BDBB43 /* GameListViewController.swift */,
				5E26D95324EE479400BDBB43 /* GameListViewController.xib */,
				5E26D95724EE48B600BDBB43 /* GameListView.swift */,
				5E26D95F24EE4DDE00BDBB43 /* FlipCardGameViewController.swift */,
				5E26D96024EE4DDE00BDBB43 /* FlipCardGameViewController.xib */,
				5E26D96B24EE514C00BDBB43 /* FlipCardGameView.swift */,
				5E26D96324EE4DF700BDBB43 /* NumberReactionGameViewController.swift */,
				5E26D96424EE4DF700BDBB43 /* NumberReactionGameViewController.xib */,
				5EEAFE7324F0A49C00210658 /* NumberReactionGameView.swift */,
				5E26D96724EE4E0800BDBB43 /* PerfectPathGameViewController.swift */,
				5E26D96824EE4E0800BDBB43 /* PerfectPathGameViewController.xib */,
			);
			path = View;
			sourceTree = "<group>";
		};
		5E26D95A24EE4CBA00BDBB43 /* Helper */ = {
			isa = PBXGroup;
			children = (
				5E26D95B24EE4CCB00BDBB43 /* Coordinator.swift */,
				5E410CDA24EF587800FBE49E /* Box.swift */,
				5E410CDC24EF633900FBE49E /* RepeatTimer.swift */,
			);
			path = Helper;
			sourceTree = "<group>";
		};
		5E26D96D24EE529F00BDBB43 /* Cell */ = {
			isa = PBXGroup;
			children = (
				5E26D96E24EE52BA00BDBB43 /* CardCollectionViewCell.swift */,
				5E26D96F24EE52BA00BDBB43 /* CardCollectionViewCell.xib */,
			);
			path = Cell;
			sourceTree = "<group>";
		};
		5E26D97524EE617000BDBB43 /* Model */ = {
			isa = PBXGroup;
			children = (
				5E26D97624EE617C00BDBB43 /* Card.swift */,
				5E26D97824EE61E200BDBB43 /* FlipCardGame.swift */,
				5E927F5324F345170044F24B /* NumberReactionGame.swift */,
			);
			path = Model;
			sourceTree = "<group>";
		};
		5E410CD724EF582300FBE49E /* ViewModel */ = {
			isa = PBXGroup;
			children = (
				5E410CD824EF583600FBE49E /* FlipCardGameViewModel.swift */,
				5E927F5524F3471E0044F24B /* NumberReactionGameViewModel.swift */,
			);
			path = ViewModel;
			sourceTree = "<group>";
		};
/* End PBXGroup section */

/* Begin PBXNativeTarget section */
		5E26D93624EE471900BDBB43 /* Game */ = {
			isa = PBXNativeTarget;
			buildConfigurationList = 5E26D94B24EE471A00BDBB43 /* Build configuration list for PBXNativeTarget "Game" */;
			buildPhases = (
				5E26D93324EE471900BDBB43 /* Sources */,
				5E26D93424EE471900BDBB43 /* Frameworks */,
				5E26D93524EE471900BDBB43 /* Resources */,
			);
			buildRules = (
			);
			dependencies = (
			);
			name = Game;
			packageProductDependencies = (
				5E26D97324EE53C600BDBB43 /* Reusable */,
			);
			productName = Game;
			productReference = 5E26D93724EE471900BDBB43 /* Game.app */;
			productType = "com.apple.product-type.application";
		};
/* End PBXNativeTarget section */

/* Begin PBXProject section */
		5E26D92F24EE471900BDBB43 /* Project object */ = {
			isa = PBXProject;
			attributes = {
				LastSwiftUpdateCheck = 1150;
				LastUpgradeCheck = 1150;
				ORGANIZATIONNAME = JeremyXue;
				TargetAttributes = {
					5E26D93624EE471900BDBB43 = {
						CreatedOnToolsVersion = 11.5;
					};
				};
			};
			buildConfigurationList = 5E26D93224EE471900BDBB43 /* Build configuration list for PBXProject "Game" */;
			compatibilityVersion = "Xcode 9.3";
			developmentRegion = en;
			hasScannedForEncodings = 0;
			knownRegions = (
				en,
				Base,
			);
			mainGroup = 5E26D92E24EE471900BDBB43;
			packageReferences = (
				5E26D97224EE53C600BDBB43 /* XCRemoteSwiftPackageReference "Reusable" */,
			);
			productRefGroup = 5E26D93824EE471900BDBB43 /* Products */;
			projectDirPath = "";
			projectRoot = "";
			targets = (
				5E26D93624EE471900BDBB43 /* Game */,
			);
		};
/* End PBXProject section */

/* Begin PBXResourcesBuildPhase section */
		5E26D93524EE471900BDBB43 /* Resources */ = {
			isa = PBXResourcesBuildPhase;
			buildActionMask = 2147483647;
			files = (
				5E26D95524EE479400BDBB43 /* GameListViewController.xib in Resources */,
				5E26D96224EE4DDE00BDBB43 /* FlipCardGameViewController.xib in Resources */,
				5E26D94724EE471A00BDBB43 /* LaunchScreen.storyboard in Resources */,
				5E26D96A24EE4E0800BDBB43 /* PerfectPathGameViewController.xib in Resources */,
				5E26D94424EE471A00BDBB43 /* Assets.xcassets in Resources */,
				5E26D97124EE52BA00BDBB43 /* CardCollectionViewCell.xib in Resources */,
				5E26D96624EE4DF700BDBB43 /* NumberReactionGameViewController.xib in Resources */,
			);
			runOnlyForDeploymentPostprocessing = 0;
		};
/* End PBXResourcesBuildPhase section */

/* Begin PBXSourcesBuildPhase section */
		5E26D93324EE471900BDBB43 /* Sources */ = {
			isa = PBXSourcesBuildPhase;
			buildActionMask = 2147483647;
			files = (
				5E26D96524EE4DF700BDBB43 /* NumberReactionGameViewController.swift in Sources */,
				5E26D95E24EE4D2A00BDBB43 /* GameCoordinator.swift in Sources */,
				5E26D93B24EE471900BDBB43 /* AppDelegate.swift in Sources */,
				5E26D97024EE52BA00BDBB43 /* CardCollectionViewCell.swift in Sources */,
				5E26D96C24EE514C00BDBB43 /* FlipCardGameView.swift in Sources */,
				5E26D96924EE4E0800BDBB43 /* PerfectPathGameViewController.swift in Sources */,
				5E26D95424EE479400BDBB43 /* GameListViewController.swift in Sources */,
				5E26D97724EE617C00BDBB43 /* Card.swift in Sources */,
				5E26D95C24EE4CCB00BDBB43 /* Coordinator.swift in Sources */,
				5E410CDB24EF587800FBE49E /* Box.swift in Sources */,
				5E26D95824EE48B600BDBB43 /* GameListView.swift in Sources */,
				5E927F5424F345170044F24B /* NumberReactionGame.swift in Sources */,
				5E26D96124EE4DDE00BDBB43 /* FlipCardGameViewController.swift in Sources */,
				5EEAFE7424F0A49C00210658 /* NumberReactionGameView.swift in Sources */,
				5E927F5624F3471E0044F24B /* NumberReactionGameViewModel.swift in Sources */,
				5E26D93D24EE471900BDBB43 /* SceneDelegate.swift in Sources */,
				5E26D97924EE61E200BDBB43 /* FlipCardGame.swift in Sources */,
				5E410CDD24EF633900FBE49E /* RepeatTimer.swift in Sources */,
				5E410CD924EF583600FBE49E /* FlipCardGameViewModel.swift in Sources */,
			);
			runOnlyForDeploymentPostprocessing = 0;
		};
/* End PBXSourcesBuildPhase section */

/* Begin PBXVariantGroup section */
		5E26D94524EE471A00BDBB43 /* LaunchScreen.storyboard */ = {
			isa = PBXVariantGroup;
			children = (
				5E26D94624EE471A00BDBB43 /* Base */,
			);
			name = LaunchScreen.storyboard;
			sourceTree = "<group>";
		};
/* End PBXVariantGroup section */

/* Begin XCBuildConfiguration section */
		5E26D94924EE471A00BDBB43 /* Debug */ = {
			isa = XCBuildConfiguration;
			buildSettings = {
				ALWAYS_SEARCH_USER_PATHS = NO;
				CLANG_ANALYZER_NONNULL = YES;
				CLANG_ANALYZER_NUMBER_OBJECT_CONVERSION = YES_AGGRESSIVE;
				CLANG_CXX_LANGUAGE_STANDARD = "gnu++14";
				CLANG_CXX_LIBRARY = "libc++";
				CLANG_ENABLE_MODULES = YES;
				CLANG_ENABLE_OBJC_ARC = YES;
				CLANG_ENABLE_OBJC_WEAK = YES;
				CLANG_WARN_BLOCK_CAPTURE_AUTORELEASING = YES;
				CLANG_WARN_BOOL_CONVERSION = YES;
				CLANG_WARN_COMMA = YES;
				CLANG_WARN_CONSTANT_CONVERSION = YES;
				CLANG_WARN_DEPRECATED_OBJC_IMPLEMENTATIONS = YES;
				CLANG_WARN_DIRECT_OBJC_ISA_USAGE = YES_ERROR;
				CLANG_WARN_DOCUMENTATION_COMMENTS = YES;
				CLANG_WARN_EMPTY_BODY = YES;
				CLANG_WARN_ENUM_CONVERSION = YES;
				CLANG_WARN_INFINITE_RECURSION = YES;
				CLANG_WARN_INT_CONVERSION = YES;
				CLANG_WARN_NON_LITERAL_NULL_CONVERSION = YES;
				CLANG_WARN_OBJC_IMPLICIT_RETAIN_SELF = YES;
				CLANG_WARN_OBJC_LITERAL_CONVERSION = YES;
				CLANG_WARN_OBJC_ROOT_CLASS = YES_ERROR;
				CLANG_WARN_RANGE_LOOP_ANALYSIS = YES;
				CLANG_WARN_STRICT_PROTOTYPES = YES;
				CLANG_WARN_SUSPICIOUS_MOVE = YES;
				CLANG_WARN_UNGUARDED_AVAILABILITY = YES_AGGRESSIVE;
				CLANG_WARN_UNREACHABLE_CODE = YES;
				CLANG_WARN__DUPLICATE_METHOD_MATCH = YES;
				COPY_PHASE_STRIP = NO;
				DEBUG_INFORMATION_FORMAT = dwarf;
				ENABLE_STRICT_OBJC_MSGSEND = YES;
				ENABLE_TESTABILITY = YES;
				GCC_C_LANGUAGE_STANDARD = gnu11;
				GCC_DYNAMIC_NO_PIC = NO;
				GCC_NO_COMMON_BLOCKS = YES;
				GCC_OPTIMIZATION_LEVEL = 0;
				GCC_PREPROCESSOR_DEFINITIONS = (
					"DEBUG=1",
					"$(inherited)",
				);
				GCC_WARN_64_TO_32_BIT_CONVERSION = YES;
				GCC_WARN_ABOUT_RETURN_TYPE = YES_ERROR;
				GCC_WARN_UNDECLARED_SELECTOR = YES;
				GCC_WARN_UNINITIALIZED_AUTOS = YES_AGGRESSIVE;
				GCC_WARN_UNUSED_FUNCTION = YES;
				GCC_WARN_UNUSED_VARIABLE = YES;
				IPHONEOS_DEPLOYMENT_TARGET = 13.5;
				MTL_ENABLE_DEBUG_INFO = INCLUDE_SOURCE;
				MTL_FAST_MATH = YES;
				ONLY_ACTIVE_ARCH = YES;
				SDKROOT = iphoneos;
				SWIFT_ACTIVE_COMPILATION_CONDITIONS = DEBUG;
				SWIFT_OPTIMIZATION_LEVEL = "-Onone";
			};
			name = Debug;
		};
		5E26D94A24EE471A00BDBB43 /* Release */ = {
			isa = XCBuildConfiguration;
			buildSettings = {
				ALWAYS_SEARCH_USER_PATHS = NO;
				CLANG_ANALYZER_NONNULL = YES;
				CLANG_ANALYZER_NUMBER_OBJECT_CONVERSION = YES_AGGRESSIVE;
				CLANG_CXX_LANGUAGE_STANDARD = "gnu++14";
				CLANG_CXX_LIBRARY = "libc++";
				CLANG_ENABLE_MODULES = YES;
				CLANG_ENABLE_OBJC_ARC = YES;
				CLANG_ENABLE_OBJC_WEAK = YES;
				CLANG_WARN_BLOCK_CAPTURE_AUTORELEASING = YES;
				CLANG_WARN_BOOL_CONVERSION = YES;
				CLANG_WARN_COMMA = YES;
				CLANG_WARN_CONSTANT_CONVERSION = YES;
				CLANG_WARN_DEPRECATED_OBJC_IMPLEMENTATIONS = YES;
				CLANG_WARN_DIRECT_OBJC_ISA_USAGE = YES_ERROR;
				CLANG_WARN_DOCUMENTATION_COMMENTS = YES;
				CLANG_WARN_EMPTY_BODY = YES;
				CLANG_WARN_ENUM_CONVERSION = YES;
				CLANG_WARN_INFINITE_RECURSION = YES;
				CLANG_WARN_INT_CONVERSION = YES;
				CLANG_WARN_NON_LITERAL_NULL_CONVERSION = YES;
				CLANG_WARN_OBJC_IMPLICIT_RETAIN_SELF = YES;
				CLANG_WARN_OBJC_LITERAL_CONVERSION = YES;
				CLANG_WARN_OBJC_ROOT_CLASS = YES_ERROR;
				CLANG_WARN_RANGE_LOOP_ANALYSIS = YES;
				CLANG_WARN_STRICT_PROTOTYPES = YES;
				CLANG_WARN_SUSPICIOUS_MOVE = YES;
				CLANG_WARN_UNGUARDED_AVAILABILITY = YES_AGGRESSIVE;
				CLANG_WARN_UNREACHABLE_CODE = YES;
				CLANG_WARN__DUPLICATE_METHOD_MATCH = YES;
				COPY_PHASE_STRIP = NO;
				DEBUG_INFORMATION_FORMAT = "dwarf-with-dsym";
				ENABLE_NS_ASSERTIONS = NO;
				ENABLE_STRICT_OBJC_MSGSEND = YES;
				GCC_C_LANGUAGE_STANDARD = gnu11;
				GCC_NO_COMMON_BLOCKS = YES;
				GCC_WARN_64_TO_32_BIT_CONVERSION = YES;
				GCC_WARN_ABOUT_RETURN_TYPE = YES_ERROR;
				GCC_WARN_UNDECLARED_SELECTOR = YES;
				GCC_WARN_UNINITIALIZED_AUTOS = YES_AGGRESSIVE;
				GCC_WARN_UNUSED_FUNCTION = YES;
				GCC_WARN_UNUSED_VARIABLE = YES;
				IPHONEOS_DEPLOYMENT_TARGET = 13.5;
				MTL_ENABLE_DEBUG_INFO = NO;
				MTL_FAST_MATH = YES;
				SDKROOT = iphoneos;
				SWIFT_COMPILATION_MODE = wholemodule;
				SWIFT_OPTIMIZATION_LEVEL = "-O";
				VALIDATE_PRODUCT = YES;
			};
			name = Release;
		};
		5E26D94C24EE471A00BDBB43 /* Debug */ = {
			isa = XCBuildConfiguration;
			buildSettings = {
				ASSETCATALOG_COMPILER_APPICON_NAME = AppIcon;
				CODE_SIGN_STYLE = Automatic;
				DEVELOPMENT_TEAM = 4PAC9XA99N;
				INFOPLIST_FILE = "Game/Supporting Files/Info.plist";
				LD_RUNPATH_SEARCH_PATHS = (
					"$(inherited)",
					"@executable_path/Frameworks",
				);
				PRODUCT_BUNDLE_IDENTIFIER = com.jeremyxue.Game;
				PRODUCT_NAME = "$(TARGET_NAME)";
				SWIFT_VERSION = 5.0;
				TARGETED_DEVICE_FAMILY = "1,2";
			};
			name = Debug;
		};
		5E26D94D24EE471A00BDBB43 /* Release */ = {
			isa = XCBuildConfiguration;
			buildSettings = {
				ASSETCATALOG_COMPILER_APPICON_NAME = AppIcon;
				CODE_SIGN_STYLE = Automatic;
				DEVELOPMENT_TEAM = 4PAC9XA99N;
				INFOPLIST_FILE = "Game/Supporting Files/Info.plist";
				LD_RUNPATH_SEARCH_PATHS = (
					"$(inherited)",
					"@executable_path/Frameworks",
				);
				PRODUCT_BUNDLE_IDENTIFIER = com.jeremyxue.Game;
				PRODUCT_NAME = "$(TARGET_NAME)";
				SWIFT_VERSION = 5.0;
				TARGETED_DEVICE_FAMILY = "1,2";
			};
			name = Release;
		};
/* End XCBuildConfiguration section */

/* Begin XCConfigurationList section */
		5E26D93224EE471900BDBB43 /* Build configuration list for PBXProject "Game" */ = {
			isa = XCConfigurationList;
			buildConfigurations = (
				5E26D94924EE471A00BDBB43 /* Debug */,
				5E26D94A24EE471A00BDBB43 /* Release */,
			);
			defaultConfigurationIsVisible = 0;
			defaultConfigurationName = Release;
		};
		5E26D94B24EE471A00BDBB43 /* Build configuration list for PBXNativeTarget "Game" */ = {
			isa = XCConfigurationList;
			buildConfigurations = (
				5E26D94C24EE471A00BDBB43 /* Debug */,
				5E26D94D24EE471A00BDBB43 /* Release */,
			);
			defaultConfigurationIsVisible = 0;
			defaultConfigurationName = Release;
		};
/* End XCConfigurationList section */

/* Begin XCRemoteSwiftPackageReference section */
		5E26D97224EE53C600BDBB43 /* XCRemoteSwiftPackageReference "Reusable" */ = {
			isa = XCRemoteSwiftPackageReference;
			repositoryURL = "https://github.com/AliSoftware/Reusable";
			requirement = {
				kind = upToNextMajorVersion;
				minimumVersion = 4.1.1;
			};
		};
/* End XCRemoteSwiftPackageReference section */

/* Begin XCSwiftPackageProductDependency section */
		5E26D97324EE53C600BDBB43 /* Reusable */ = {
			isa = XCSwiftPackageProductDependency;
			package = 5E26D97224EE53C600BDBB43 /* XCRemoteSwiftPackageReference "Reusable" */;
			productName = Reusable;
		};
/* End XCSwiftPackageProductDependency section */
	};
	rootObject = 5E26D92F24EE471900BDBB43 /* Project object */;
}
